// !$*UTF8*$!
{
	archiveVersion = 1;
	classes = {
	};
	objectVersion = 46;
	objects = {

/* Begin PBXBuildFile section */
		3A6901A71D88D99E0075635A /* AppDelegate.swift in Sources */ = {isa = PBXBuildFile; fileRef = 3A6901A61D88D99E0075635A /* AppDelegate.swift */; };
		3A6901AA1D88D99E0075635A /* xkcd.xcdatamodeld in Sources */ = {isa = PBXBuildFile; fileRef = 3A6901A81D88D99E0075635A /* xkcd.xcdatamodeld */; };
		3A6901AC1D88D99E0075635A /* MasterViewController.swift in Sources */ = {isa = PBXBuildFile; fileRef = 3A6901AB1D88D99E0075635A /* MasterViewController.swift */; };
		3A6901AE1D88D99E0075635A /* DetailViewController.swift in Sources */ = {isa = PBXBuildFile; fileRef = 3A6901AD1D88D99E0075635A /* DetailViewController.swift */; };
		3A6901B11D88D99E0075635A /* Main.storyboard in Resources */ = {isa = PBXBuildFile; fileRef = 3A6901AF1D88D99E0075635A /* Main.storyboard */; };
		3A6901B31D88D99E0075635A /* Assets.xcassets in Resources */ = {isa = PBXBuildFile; fileRef = 3A6901B21D88D99E0075635A /* Assets.xcassets */; };
		3A6901B61D88D99E0075635A /* LaunchScreen.storyboard in Resources */ = {isa = PBXBuildFile; fileRef = 3A6901B41D88D99E0075635A /* LaunchScreen.storyboard */; };
		3A6901C01D88DDED0075635A /* ComicManager.swift in Sources */ = {isa = PBXBuildFile; fileRef = 3A6901BF1D88DDED0075635A /* ComicManager.swift */; };
		3A6901C21D88DE000075635A /* ComicManagerDelegate.swift in Sources */ = {isa = PBXBuildFile; fileRef = 3A6901C11D88DE000075635A /* ComicManagerDelegate.swift */; };
		3A6901DC1D899A8F0075635A /* Alamofire.framework in Frameworks */ = {isa = PBXBuildFile; fileRef = 3A6901CF1D899A840075635A /* Alamofire.framework */; };
		3A6901DD1D899A8F0075635A /* Alamofire.framework in Embed Frameworks */ = {isa = PBXBuildFile; fileRef = 3A6901CF1D899A840075635A /* Alamofire.framework */; settings = {ATTRIBUTES = (CodeSignOnCopy, RemoveHeadersOnCopy, ); }; };
		3A6901EA1D899D4D0075635A /* Comic+Initialization.swift in Sources */ = {isa = PBXBuildFile; fileRef = 3A6901E91D899D4D0075635A /* Comic+Initialization.swift */; };
		3A6901EC1D89A12B0075635A /* Date+Initialization.swift in Sources */ = {isa = PBXBuildFile; fileRef = 3A6901EB1D89A12B0075635A /* Date+Initialization.swift */; };
		3ACB76C51D8DAB3C00C66316 /* ComicInfoViewController.swift in Sources */ = {isa = PBXBuildFile; fileRef = 3ACB76C41D8DAB3C00C66316 /* ComicInfoViewController.swift */; };
		3ACB76CB1D8DD75C00C66316 /* AppInfoViewController.swift in Sources */ = {isa = PBXBuildFile; fileRef = 3ACB76CA1D8DD75C00C66316 /* AppInfoViewController.swift */; };
		3AF2358F1D8D6E210035AF24 /* CacheManager.swift in Sources */ = {isa = PBXBuildFile; fileRef = 3AF2358E1D8D6E210035AF24 /* CacheManager.swift */; };
		3AF235991D8D7B930035AF24 /* ComicManagerImageDelegate.swift in Sources */ = {isa = PBXBuildFile; fileRef = 3AF235981D8D7B930035AF24 /* ComicManagerImageDelegate.swift */; };
/* End PBXBuildFile section */

/* Begin PBXContainerItemProxy section */
		3A6901CE1D899A840075635A /* PBXContainerItemProxy */ = {
			isa = PBXContainerItemProxy;
			containerPortal = 3A6901C31D899A840075635A /* Alamofire.xcodeproj */;
			proxyType = 2;
			remoteGlobalIDString = F8111E3319A95C8B0040E7D1;
			remoteInfo = "Alamofire iOS";
		};
		3A6901D01D899A840075635A /* PBXContainerItemProxy */ = {
			isa = PBXContainerItemProxy;
			containerPortal = 3A6901C31D899A840075635A /* Alamofire.xcodeproj */;
			proxyType = 2;
			remoteGlobalIDString = F8111E3E19A95C8B0040E7D1;
			remoteInfo = "Alamofire iOS Tests";
		};
		3A6901D21D899A840075635A /* PBXContainerItemProxy */ = {
			isa = PBXContainerItemProxy;
			containerPortal = 3A6901C31D899A840075635A /* Alamofire.xcodeproj */;
			proxyType = 2;
			remoteGlobalIDString = 4DD67C0B1A5C55C900ED2280;
			remoteInfo = "Alamofire OSX";
		};
		3A6901D41D899A840075635A /* PBXContainerItemProxy */ = {
			isa = PBXContainerItemProxy;
			containerPortal = 3A6901C31D899A840075635A /* Alamofire.xcodeproj */;
			proxyType = 2;
			remoteGlobalIDString = F829C6B21A7A94F100A2CD59;
			remoteInfo = "Alamofire OSX Tests";
		};
		3A6901D61D899A840075635A /* PBXContainerItemProxy */ = {
			isa = PBXContainerItemProxy;
			containerPortal = 3A6901C31D899A840075635A /* Alamofire.xcodeproj */;
			proxyType = 2;
			remoteGlobalIDString = 4CF626EF1BA7CB3E0011A099;
			remoteInfo = "Alamofire tvOS";
		};
		3A6901D81D899A840075635A /* PBXContainerItemProxy */ = {
			isa = PBXContainerItemProxy;
			containerPortal = 3A6901C31D899A840075635A /* Alamofire.xcodeproj */;
			proxyType = 2;
			remoteGlobalIDString = 4CF626F81BA7CB3E0011A099;
			remoteInfo = "Alamofire tvOS Tests";
		};
		3A6901DA1D899A840075635A /* PBXContainerItemProxy */ = {
			isa = PBXContainerItemProxy;
			containerPortal = 3A6901C31D899A840075635A /* Alamofire.xcodeproj */;
			proxyType = 2;
			remoteGlobalIDString = E4202FE01B667AA100C997FB;
			remoteInfo = "Alamofire watchOS";
		};
		3A6901DE1D899A8F0075635A /* PBXContainerItemProxy */ = {
			isa = PBXContainerItemProxy;
			containerPortal = 3A6901C31D899A840075635A /* Alamofire.xcodeproj */;
			proxyType = 1;
			remoteGlobalIDString = F8111E3219A95C8B0040E7D1;
			remoteInfo = "Alamofire iOS";
		};
/* End PBXContainerItemProxy section */

/* Begin PBXCopyFilesBuildPhase section */
		3A6901E01D899A8F0075635A /* Embed Frameworks */ = {
			isa = PBXCopyFilesBuildPhase;
			buildActionMask = 2147483647;
			dstPath = "";
			dstSubfolderSpec = 10;
			files = (
				3A6901DD1D899A8F0075635A /* Alamofire.framework in Embed Frameworks */,
			);
			name = "Embed Frameworks";
			runOnlyForDeploymentPostprocessing = 0;
		};
/* End PBXCopyFilesBuildPhase section */

/* Begin PBXFileReference section */
		3A6901A31D88D99E0075635A /* xkcd.app */ = {isa = PBXFileReference; explicitFileType = wrapper.application; includeInIndex = 0; path = xkcd.app; sourceTree = BUILT_PRODUCTS_DIR; };
		3A6901A61D88D99E0075635A /* AppDelegate.swift */ = {isa = PBXFileReference; lastKnownFileType = sourcecode.swift; path = AppDelegate.swift; sourceTree = "<group>"; };
		3A6901A91D88D99E0075635A /* xkcd.xcdatamodel */ = {isa = PBXFileReference; lastKnownFileType = wrapper.xcdatamodel; path = xkcd.xcdatamodel; sourceTree = "<group>"; };
		3A6901AB1D88D99E0075635A /* MasterViewController.swift */ = {isa = PBXFileReference; lastKnownFileType = sourcecode.swift; path = MasterViewController.swift; sourceTree = "<group>"; };
		3A6901AD1D88D99E0075635A /* DetailViewController.swift */ = {isa = PBXFileReference; lastKnownFileType = sourcecode.swift; path = DetailViewController.swift; sourceTree = "<group>"; };
		3A6901B01D88D99E0075635A /* Base */ = {isa = PBXFileReference; lastKnownFileType = file.storyboard; name = Base; path = Base.lproj/Main.storyboard; sourceTree = "<group>"; };
		3A6901B21D88D99E0075635A /* Assets.xcassets */ = {isa = PBXFileReference; lastKnownFileType = folder.assetcatalog; path = Assets.xcassets; sourceTree = "<group>"; };
		3A6901B51D88D99E0075635A /* Base */ = {isa = PBXFileReference; lastKnownFileType = file.storyboard; name = Base; path = Base.lproj/LaunchScreen.storyboard; sourceTree = "<group>"; };
		3A6901B71D88D99E0075635A /* Info.plist */ = {isa = PBXFileReference; lastKnownFileType = text.plist.xml; path = Info.plist; sourceTree = "<group>"; };
		3A6901BF1D88DDED0075635A /* ComicManager.swift */ = {isa = PBXFileReference; fileEncoding = 4; lastKnownFileType = sourcecode.swift; name = ComicManager.swift; path = xkcd/Model/ComicManager.swift; sourceTree = "<group>"; };
		3A6901C11D88DE000075635A /* ComicManagerDelegate.swift */ = {isa = PBXFileReference; fileEncoding = 4; lastKnownFileType = sourcecode.swift; name = ComicManagerDelegate.swift; path = xkcd/Model/ComicManagerDelegate.swift; sourceTree = "<group>"; };
		3A6901C31D899A840075635A /* Alamofire.xcodeproj */ = {isa = PBXFileReference; lastKnownFileType = "wrapper.pb-project"; name = Alamofire.xcodeproj; path = Alamofire/Alamofire.xcodeproj; sourceTree = "<group>"; };
		3A6901E91D899D4D0075635A /* Comic+Initialization.swift */ = {isa = PBXFileReference; fileEncoding = 4; lastKnownFileType = sourcecode.swift; name = "Comic+Initialization.swift"; path = "xkcd/Model/Comic+Initialization.swift"; sourceTree = "<group>"; };
		3A6901EB1D89A12B0075635A /* Date+Initialization.swift */ = {isa = PBXFileReference; fileEncoding = 4; lastKnownFileType = sourcecode.swift; name = "Date+Initialization.swift"; path = "xkcd/Model/Date+Initialization.swift"; sourceTree = "<group>"; };
		3ACB76C41D8DAB3C00C66316 /* ComicInfoViewController.swift */ = {isa = PBXFileReference; fileEncoding = 4; lastKnownFileType = sourcecode.swift; path = ComicInfoViewController.swift; sourceTree = "<group>"; };
		3ACB76CA1D8DD75C00C66316 /* AppInfoViewController.swift */ = {isa = PBXFileReference; fileEncoding = 4; lastKnownFileType = sourcecode.swift; path = AppInfoViewController.swift; sourceTree = "<group>"; };
		3AF2358E1D8D6E210035AF24 /* CacheManager.swift */ = {isa = PBXFileReference; fileEncoding = 4; lastKnownFileType = sourcecode.swift; name = CacheManager.swift; path = xkcd/BusinessLogic/CacheManager.swift; sourceTree = "<group>"; };
		3AF235981D8D7B930035AF24 /* ComicManagerImageDelegate.swift */ = {isa = PBXFileReference; fileEncoding = 4; lastKnownFileType = sourcecode.swift; name = ComicManagerImageDelegate.swift; path = xkcd/BusinessLogic/ComicManagerImageDelegate.swift; sourceTree = "<group>"; };
/* End PBXFileReference section */

/* Begin PBXFrameworksBuildPhase section */
		3A6901A01D88D99E0075635A /* Frameworks */ = {
			isa = PBXFrameworksBuildPhase;
			buildActionMask = 2147483647;
			files = (
				3A6901DC1D899A8F0075635A /* Alamofire.framework in Frameworks */,
			);
			runOnlyForDeploymentPostprocessing = 0;
		};
/* End PBXFrameworksBuildPhase section */

/* Begin PBXGroup section */
		3A69019A1D88D99E0075635A = {
			isa = PBXGroup;
			children = (
				3A6901C31D899A840075635A /* Alamofire.xcodeproj */,
				3A6901A51D88D99E0075635A /* xkcd */,
				3A6901A41D88D99E0075635A /* Products */,
			);
			sourceTree = "<group>";
		};
		3A6901A41D88D99E0075635A /* Products */ = {
			isa = PBXGroup;
			children = (
				3A6901A31D88D99E0075635A /* xkcd.app */,
			);
			name = Products;
			sourceTree = "<group>";
		};
		3A6901A51D88D99E0075635A /* xkcd */ = {
			isa = PBXGroup;
			children = (
				3A6901A61D88D99E0075635A /* AppDelegate.swift */,
				3A6901BE1D88D9EC0075635A /* Model */,
				3AF235971D8D6E2A0035AF24 /* Business Logic */,
				3A6901BD1D88D9AF0075635A /* View */,
				3A6901B71D88D99E0075635A /* Info.plist */,
			);
			path = xkcd;
			sourceTree = "<group>";
		};
		3A6901BD1D88D9AF0075635A /* View */ = {
			isa = PBXGroup;
			children = (
				3A6901AB1D88D99E0075635A /* MasterViewController.swift */,
				3A6901AD1D88D99E0075635A /* DetailViewController.swift */,
				3ACB76C41D8DAB3C00C66316 /* ComicInfoViewController.swift */,
				3ACB76CA1D8DD75C00C66316 /* AppInfoViewController.swift */,
				3A6901AF1D88D99E0075635A /* Main.storyboard */,
				3A6901B21D88D99E0075635A /* Assets.xcassets */,
				3A6901B41D88D99E0075635A /* LaunchScreen.storyboard */,
			);
			name = View;
			sourceTree = "<group>";
		};
		3A6901BE1D88D9EC0075635A /* Model */ = {
			isa = PBXGroup;
			children = (
				3A6901A81D88D99E0075635A /* xkcd.xcdatamodeld */,
				3A6901E91D899D4D0075635A /* Comic+Initialization.swift */,
				3A6901EB1D89A12B0075635A /* Date+Initialization.swift */,
			);
			name = Model;
			path = ..;
			sourceTree = "<group>";
		};
		3A6901C41D899A840075635A /* Products */ = {
			isa = PBXGroup;
			children = (
				3A6901CF1D899A840075635A /* Alamofire.framework */,
				3A6901D11D899A840075635A /* Alamofire iOS Tests.xctest */,
				3A6901D31D899A840075635A /* Alamofire.framework */,
				3A6901D51D899A840075635A /* Alamofire OSX Tests.xctest */,
				3A6901D71D899A840075635A /* Alamofire.framework */,
				3A6901D91D899A840075635A /* Alamofire tvOS Tests.xctest */,
				3A6901DB1D899A840075635A /* Alamofire.framework */,
			);
			name = Products;
			sourceTree = "<group>";
		};
		3AF235971D8D6E2A0035AF24 /* Business Logic */ = {
			isa = PBXGroup;
			children = (
				3A6901BF1D88DDED0075635A /* ComicManager.swift */,
				3A6901C11D88DE000075635A /* ComicManagerDelegate.swift */,
				3AF235981D8D7B930035AF24 /* ComicManagerImageDelegate.swift */,
				3AF2358E1D8D6E210035AF24 /* CacheManager.swift */,
			);
			name = "Business Logic";
			path = ..;
			sourceTree = "<group>";
		};
/* End PBXGroup section */

/* Begin PBXNativeTarget section */
		3A6901A21D88D99E0075635A /* xkcd */ = {
			isa = PBXNativeTarget;
			buildConfigurationList = 3A6901BA1D88D99E0075635A /* Build configuration list for PBXNativeTarget "xkcd" */;
			buildPhases = (
				3A69019F1D88D99E0075635A /* Sources */,
				3A6901A01D88D99E0075635A /* Frameworks */,
				3A6901A11D88D99E0075635A /* Resources */,
				3A6901E01D899A8F0075635A /* Embed Frameworks */,
			);
			buildRules = (
			);
			dependencies = (
				3A6901DF1D899A8F0075635A /* PBXTargetDependency */,
			);
			name = xkcd;
			productName = xkcd;
			productReference = 3A6901A31D88D99E0075635A /* xkcd.app */;
			productType = "com.apple.product-type.application";
		};
/* End PBXNativeTarget section */

/* Begin PBXProject section */
		3A69019B1D88D99E0075635A /* Project object */ = {
			isa = PBXProject;
			attributes = {
				LastSwiftUpdateCheck = 0800;
				LastUpgradeCheck = 0800;
				ORGANIZATIONNAME = "Drew R. Hood";
				TargetAttributes = {
					3A6901A21D88D99E0075635A = {
						CreatedOnToolsVersion = 8.0;
						DevelopmentTeam = YMY896GMG4;
						ProvisioningStyle = Automatic;
					};
				};
			};
			buildConfigurationList = 3A69019E1D88D99E0075635A /* Build configuration list for PBXProject "xkcd" */;
			compatibilityVersion = "Xcode 3.2";
			developmentRegion = English;
			hasScannedForEncodings = 0;
			knownRegions = (
				en,
				Base,
			);
			mainGroup = 3A69019A1D88D99E0075635A;
			productRefGroup = 3A6901A41D88D99E0075635A /* Products */;
			projectDirPath = "";
			projectReferences = (
				{
					ProductGroup = 3A6901C41D899A840075635A /* Products */;
					ProjectRef = 3A6901C31D899A840075635A /* Alamofire.xcodeproj */;
				},
			);
			projectRoot = "";
			targets = (
				3A6901A21D88D99E0075635A /* xkcd */,
			);
		};
/* End PBXProject section */

/* Begin PBXReferenceProxy section */
		3A6901CF1D899A840075635A /* Alamofire.framework */ = {
			isa = PBXReferenceProxy;
			fileType = wrapper.framework;
			path = Alamofire.framework;
			remoteRef = 3A6901CE1D899A840075635A /* PBXContainerItemProxy */;
			sourceTree = BUILT_PRODUCTS_DIR;
		};
		3A6901D11D899A840075635A /* Alamofire iOS Tests.xctest */ = {
			isa = PBXReferenceProxy;
			fileType = wrapper.cfbundle;
			path = "Alamofire iOS Tests.xctest";
			remoteRef = 3A6901D01D899A840075635A /* PBXContainerItemProxy */;
			sourceTree = BUILT_PRODUCTS_DIR;
		};
		3A6901D31D899A840075635A /* Alamofire.framework */ = {
			isa = PBXReferenceProxy;
			fileType = wrapper.framework;
			path = Alamofire.framework;
			remoteRef = 3A6901D21D899A840075635A /* PBXContainerItemProxy */;
			sourceTree = BUILT_PRODUCTS_DIR;
		};
		3A6901D51D899A840075635A /* Alamofire OSX Tests.xctest */ = {
			isa = PBXReferenceProxy;
			fileType = wrapper.cfbundle;
			path = "Alamofire OSX Tests.xctest";
			remoteRef = 3A6901D41D899A840075635A /* PBXContainerItemProxy */;
			sourceTree = BUILT_PRODUCTS_DIR;
		};
		3A6901D71D899A840075635A /* Alamofire.framework */ = {
			isa = PBXReferenceProxy;
			fileType = wrapper.framework;
			path = Alamofire.framework;
			remoteRef = 3A6901D61D899A840075635A /* PBXContainerItemProxy */;
			sourceTree = BUILT_PRODUCTS_DIR;
		};
		3A6901D91D899A840075635A /* Alamofire tvOS Tests.xctest */ = {
			isa = PBXReferenceProxy;
			fileType = wrapper.cfbundle;
			path = "Alamofire tvOS Tests.xctest";
			remoteRef = 3A6901D81D899A840075635A /* PBXContainerItemProxy */;
			sourceTree = BUILT_PRODUCTS_DIR;
		};
		3A6901DB1D899A840075635A /* Alamofire.framework */ = {
			isa = PBXReferenceProxy;
			fileType = wrapper.framework;
			path = Alamofire.framework;
			remoteRef = 3A6901DA1D899A840075635A /* PBXContainerItemProxy */;
			sourceTree = BUILT_PRODUCTS_DIR;
		};
/* End PBXReferenceProxy section */

/* Begin PBXResourcesBuildPhase section */
		3A6901A11D88D99E0075635A /* Resources */ = {
			isa = PBXResourcesBuildPhase;
			buildActionMask = 2147483647;
			files = (
				3A6901B61D88D99E0075635A /* LaunchScreen.storyboard in Resources */,
				3A6901B31D88D99E0075635A /* Assets.xcassets in Resources */,
				3A6901B11D88D99E0075635A /* Main.storyboard in Resources */,
			);
			runOnlyForDeploymentPostprocessing = 0;
		};
/* End PBXResourcesBuildPhase section */

/* Begin PBXSourcesBuildPhase section */
		3A69019F1D88D99E0075635A /* Sources */ = {
			isa = PBXSourcesBuildPhase;
			buildActionMask = 2147483647;
			files = (
				3A6901A71D88D99E0075635A /* AppDelegate.swift in Sources */,
				3AF2358F1D8D6E210035AF24 /* CacheManager.swift in Sources */,
				3ACB76C51D8DAB3C00C66316 /* ComicInfoViewController.swift in Sources */,
				3A6901AA1D88D99E0075635A /* xkcd.xcdatamodeld in Sources */,
				3A6901C21D88DE000075635A /* ComicManagerDelegate.swift in Sources */,
				3A6901AC1D88D99E0075635A /* MasterViewController.swift in Sources */,
				3A6901EA1D899D4D0075635A /* Comic+Initialization.swift in Sources */,
				3A6901EC1D89A12B0075635A /* Date+Initialization.swift in Sources */,
				3AF235991D8D7B930035AF24 /* ComicManagerImageDelegate.swift in Sources */,
				3A6901C01D88DDED0075635A /* ComicManager.swift in Sources */,
				3ACB76CB1D8DD75C00C66316 /* AppInfoViewController.swift in Sources */,
				3A6901AE1D88D99E0075635A /* DetailViewController.swift in Sources */,
			);
			runOnlyForDeploymentPostprocessing = 0;
		};
/* End PBXSourcesBuildPhase section */

/* Begin PBXTargetDependency section */
		3A6901DF1D899A8F0075635A /* PBXTargetDependency */ = {
			isa = PBXTargetDependency;
			name = "Alamofire iOS";
			targetProxy = 3A6901DE1D899A8F0075635A /* PBXContainerItemProxy */;
		};
/* End PBXTargetDependency section */

/* Begin PBXVariantGroup section */
		3A6901AF1D88D99E0075635A /* Main.storyboard */ = {
			isa = PBXVariantGroup;
			children = (
				3A6901B01D88D99E0075635A /* Base */,
			);
			name = Main.storyboard;
			sourceTree = "<group>";
		};
		3A6901B41D88D99E0075635A /* LaunchScreen.storyboard */ = {
			isa = PBXVariantGroup;
			children = (
				3A6901B51D88D99E0075635A /* Base */,
			);
			name = LaunchScreen.storyboard;
			sourceTree = "<group>";
		};
/* End PBXVariantGroup section */

/* Begin XCBuildConfiguration section */
		3A6901B81D88D99E0075635A /* Debug */ = {
			isa = XCBuildConfiguration;
			buildSettings = {
				ALWAYS_SEARCH_USER_PATHS = NO;
				CLANG_ANALYZER_NONNULL = YES;
				CLANG_CXX_LANGUAGE_STANDARD = "gnu++0x";
				CLANG_CXX_LIBRARY = "libc++";
				CLANG_ENABLE_MODULES = YES;
				CLANG_ENABLE_OBJC_ARC = YES;
				CLANG_WARN_BOOL_CONVERSION = YES;
				CLANG_WARN_CONSTANT_CONVERSION = YES;
				CLANG_WARN_DIRECT_OBJC_ISA_USAGE = YES_ERROR;
				CLANG_WARN_DOCUMENTATION_COMMENTS = YES;
				CLANG_WARN_EMPTY_BODY = YES;
				CLANG_WARN_ENUM_CONVERSION = YES;
				CLANG_WARN_INFINITE_RECURSION = YES;
				CLANG_WARN_INT_CONVERSION = YES;
				CLANG_WARN_OBJC_ROOT_CLASS = YES_ERROR;
				CLANG_WARN_SUSPICIOUS_MOVES = YES;
				CLANG_WARN_UNREACHABLE_CODE = YES;
				CLANG_WARN__DUPLICATE_METHOD_MATCH = YES;
				"CODE_SIGN_IDENTITY[sdk=iphoneos*]" = "iPhone Developer";
				COPY_PHASE_STRIP = NO;
				DEBUG_INFORMATION_FORMAT = dwarf;
				ENABLE_STRICT_OBJC_MSGSEND = YES;
				ENABLE_TESTABILITY = YES;
				GCC_C_LANGUAGE_STANDARD = gnu99;
				GCC_DYNAMIC_NO_PIC = NO;
				GCC_NO_COMMON_BLOCKS = YES;
				GCC_OPTIMIZATION_LEVEL = 0;
				GCC_PREPROCESSOR_DEFINITIONS = (
					"DEBUG=1",
					"$(inherited)",
				);
				GCC_WARN_64_TO_32_BIT_CONVERSION = YES;
				GCC_WARN_ABOUT_RETURN_TYPE = YES_ERROR;
				GCC_WARN_UNDECLARED_SELECTOR = YES;
				GCC_WARN_UNINITIALIZED_AUTOS = YES_AGGRESSIVE;
				GCC_WARN_UNUSED_FUNCTION = YES;
				GCC_WARN_UNUSED_VARIABLE = YES;
				IPHONEOS_DEPLOYMENT_TARGET = 10.0;
				MTL_ENABLE_DEBUG_INFO = YES;
				ONLY_ACTIVE_ARCH = YES;
				SDKROOT = iphoneos;
				SWIFT_ACTIVE_COMPILATION_CONDITIONS = DEBUG;
				SWIFT_OPTIMIZATION_LEVEL = "-Onone";
				TARGETED_DEVICE_FAMILY = "1,2";
			};
			name = Debug;
		};
		3A6901B91D88D99E0075635A /* Release */ = {
			isa = XCBuildConfiguration;
			buildSettings = {
				ALWAYS_SEARCH_USER_PATHS = NO;
				CLANG_ANALYZER_NONNULL = YES;
				CLANG_CXX_LANGUAGE_STANDARD = "gnu++0x";
				CLANG_CXX_LIBRARY = "libc++";
				CLANG_ENABLE_MODULES = YES;
				CLANG_ENABLE_OBJC_ARC = YES;
				CLANG_WARN_BOOL_CONVERSION = YES;
				CLANG_WARN_CONSTANT_CONVERSION = YES;
				CLANG_WARN_DIRECT_OBJC_ISA_USAGE = YES_ERROR;
				CLANG_WARN_DOCUMENTATION_COMMENTS = YES;
				CLANG_WARN_EMPTY_BODY = YES;
				CLANG_WARN_ENUM_CONVERSION = YES;
				CLANG_WARN_INFINITE_RECURSION = YES;
				CLANG_WARN_INT_CONVERSION = YES;
				CLANG_WARN_OBJC_ROOT_CLASS = YES_ERROR;
				CLANG_WARN_SUSPICIOUS_MOVES = YES;
				CLANG_WARN_UNREACHABLE_CODE = YES;
				CLANG_WARN__DUPLICATE_METHOD_MATCH = YES;
				"CODE_SIGN_IDENTITY[sdk=iphoneos*]" = "iPhone Developer";
				COPY_PHASE_STRIP = NO;
				DEBUG_INFORMATION_FORMAT = "dwarf-with-dsym";
				ENABLE_NS_ASSERTIONS = NO;
				ENABLE_STRICT_OBJC_MSGSEND = YES;
				GCC_C_LANGUAGE_STANDARD = gnu99;
				GCC_NO_COMMON_BLOCKS = YES;
				GCC_WARN_64_TO_32_BIT_CONVERSION = YES;
				GCC_WARN_ABOUT_RETURN_TYPE = YES_ERROR;
				GCC_WARN_UNDECLARED_SELECTOR = YES;
				GCC_WARN_UNINITIALIZED_AUTOS = YES_AGGRESSIVE;
				GCC_WARN_UNUSED_FUNCTION = YES;
				GCC_WARN_UNUSED_VARIABLE = YES;
				IPHONEOS_DEPLOYMENT_TARGET = 10.0;
				MTL_ENABLE_DEBUG_INFO = NO;
				SDKROOT = iphoneos;
				SWIFT_OPTIMIZATION_LEVEL = "-Owholemodule";
				TARGETED_DEVICE_FAMILY = "1,2";
				VALIDATE_PRODUCT = YES;
			};
			name = Release;
		};
		3A6901BB1D88D99E0075635A /* Debug */ = {
			isa = XCBuildConfiguration;
			buildSettings = {
				ALWAYS_EMBED_SWIFT_STANDARD_LIBRARIES = YES;
				ASSETCATALOG_COMPILER_APPICON_NAME = AppIcon;
				DEVELOPMENT_TEAM = YMY896GMG4;
				INFOPLIST_FILE = xkcd/Info.plist;
				LD_RUNPATH_SEARCH_PATHS = "$(inherited) @executable_path/Frameworks";
				PRODUCT_BUNDLE_IDENTIFIER = me.drewrhood.xkcd;
				PRODUCT_NAME = "$(TARGET_NAME)";
				SWIFT_VERSION = 3.0;
			};
			name = Debug;
		};
		3A6901BC1D88D99E0075635A /* Release */ = {
			isa = XCBuildConfiguration;
			buildSettings = {
				ALWAYS_EMBED_SWIFT_STANDARD_LIBRARIES = YES;
				ASSETCATALOG_COMPILER_APPICON_NAME = AppIcon;
				DEVELOPMENT_TEAM = YMY896GMG4;
				INFOPLIST_FILE = xkcd/Info.plist;
				LD_RUNPATH_SEARCH_PATHS = "$(inherited) @executable_path/Frameworks";
				PRODUCT_BUNDLE_IDENTIFIER = me.drewrhood.xkcd;
				PRODUCT_NAME = "$(TARGET_NAME)";
				SWIFT_VERSION = 3.0;
			};
			name = Release;
		};
/* End XCBuildConfiguration section */

/* Begin XCConfigurationList section */
		3A69019E1D88D99E0075635A /* Build configuration list for PBXProject "xkcd" */ = {
			isa = XCConfigurationList;
			buildConfigurations = (
				3A6901B81D88D99E0075635A /* Debug */,
				3A6901B91D88D99E0075635A /* Release */,
			);
			defaultConfigurationIsVisible = 0;
			defaultConfigurationName = Release;
		};
		3A6901BA1D88D99E0075635A /* Build configuration list for PBXNativeTarget "xkcd" */ = {
			isa = XCConfigurationList;
			buildConfigurations = (
				3A6901BB1D88D99E0075635A /* Debug */,
				3A6901BC1D88D99E0075635A /* Release */,
			);
			defaultConfigurationIsVisible = 0;
			defaultConfigurationName = Release;
		};
/* End XCConfigurationList section */

/* Begin XCVersionGroup section */
		3A6901A81D88D99E0075635A /* xkcd.xcdatamodeld */ = {
			isa = XCVersionGroup;
			children = (
				3A6901A91D88D99E0075635A /* xkcd.xcdatamodel */,
			);
			currentVersion = 3A6901A91D88D99E0075635A /* xkcd.xcdatamodel */;
			name = xkcd.xcdatamodeld;
			path = xkcd/xkcd.xcdatamodeld;
			sourceTree = "<group>";
			versionGroupType = wrapper.xcdatamodel;
		};
/* End XCVersionGroup section */
	};
	rootObject = 3A69019B1D88D99E0075635A /* Project object */;
}
